
Microsoft Visual Studio Solution File, Format Version 12.00
# Visual Studio Version 17
VisualStudioVersion = 17.1.32210.238
MinimumVisualStudioVersion = 10.0.40219.1
Project("{9A19103F-16F7-4668-BE54-9A1E7A4F7556}") = "BeeBreeder", "BeeBreeder\BeeBreeder.csproj", "{5ECCE8FB-04C5-4DBA-8A8E-1A0B999BEB46}"
EndProject
Project("{9A19103F-16F7-4668-BE54-9A1E7A4F7556}") = "BeeBreeder.Common", "BeeBreeder.Common\BeeBreeder.Common.csproj", "{10006E7E-47A2-417A-B1BD-4F0593C43A5A}"
EndProject
Project("{9A19103F-16F7-4668-BE54-9A1E7A4F7556}") = "BeeBreeder.Breeding", "BeeBreeder.Breeding\BeeBreeder.Breeding.csproj", "{C87D56C9-B4B8-462F-87FF-6AEB9A0EA4F5}"
EndProject
Project("{9A19103F-16F7-4668-BE54-9A1E7A4F7556}") = "BeeBreeder.Tests", "BeeBreeder.Tests\BeeBreeder.Tests.csproj", "{7665BE6A-6E26-4EB8-B67D-0997E593371B}"
EndProject
Project("{9A19103F-16F7-4668-BE54-9A1E7A4F7556}") = "BeeBreeder.WebAPI", "BeeBreeder.WebAPI\BeeBreeder.WebAPI.csproj", "{A747A407-2609-468E-BF1A-F5B0F2C5D916}"
EndProject
Project("{9A19103F-16F7-4668-BE54-9A1E7A4F7556}") = "BeeBreeder.Data", "BeeBreeder.Data\BeeBreeder.Data.csproj", "{21C51E98-23F1-4A3F-94A4-40E1EE4E8632}"
EndProject
Project("{FAE04EC0-301F-11D3-BF4B-00C04F79EFBC}") = "BeeBreeder.StatsCrawler", "BeeBreeder.StatsCrawler\BeeBreeder.StatsCrawler.csproj", "{2087F392-6990-41F8-82FC-9EB20F8B4B76}"
EndProject
Project("{9A19103F-16F7-4668-BE54-9A1E7A4F7556}") = "BeeBreeder.Property", "BeeBreeder.Property\BeeBreeder.Property.csproj", "{59E80C41-1A98-47A1-88CC-39DB627740B1}"
EndProject
Project("{9A19103F-16F7-4668-BE54-9A1E7A4F7556}") = "BeeBreeder.Extensions", "BeeBreeder.Extensions\BeeBreeder.Extensions.csproj", "{9084E162-5B6C-4C9F-9788-C0E96104A30A}"
EndProject
Project("{2150E333-8FDC-42A3-9474-1A3956D46DE8}") = "Solution Items", "Solution Items", "{22F31591-D016-448E-BE67-317AC73E4E0B}"
	ProjectSection(SolutionItems) = preProject
		.editorconfig = .editorconfig
	EndProjectSection
EndProject
Project("{FAE04EC0-301F-11D3-BF4B-00C04F79EFBC}") = "BeeBreeder.Management", "BeeBreeder.Management\BeeBreeder.Management.csproj", "{39C95E84-73A6-441F-BB0D-031FC6393135}"
EndProject
Global
	GlobalSection(SolutionConfigurationPlatforms) = preSolution
		Debug|Any CPU = Debug|Any CPU
		Release|Any CPU = Release|Any CPU
	EndGlobalSection
	GlobalSection(ProjectConfigurationPlatforms) = postSolution
		{5ECCE8FB-04C5-4DBA-8A8E-1A0B999BEB46}.Debug|Any CPU.ActiveCfg = Debug|Any CPU
		{5ECCE8FB-04C5-4DBA-8A8E-1A0B999BEB46}.Debug|Any CPU.Build.0 = Debug|Any CPU
		{5ECCE8FB-04C5-4DBA-8A8E-1A0B999BEB46}.Release|Any CPU.ActiveCfg = Release|Any CPU
		{5ECCE8FB-04C5-4DBA-8A8E-1A0B999BEB46}.Release|Any CPU.Build.0 = Release|Any CPU
		{10006E7E-47A2-417A-B1BD-4F0593C43A5A}.Debug|Any CPU.ActiveCfg = Debug|Any CPU
		{10006E7E-47A2-417A-B1BD-4F0593C43A5A}.Debug|Any CPU.Build.0 = Debug|Any CPU
		{10006E7E-47A2-417A-B1BD-4F0593C43A5A}.Release|Any CPU.ActiveCfg = Release|Any CPU
		{10006E7E-47A2-417A-B1BD-4F0593C43A5A}.Release|Any CPU.Build.0 = Release|Any CPU
		{C87D56C9-B4B8-462F-87FF-6AEB9A0EA4F5}.Debug|Any CPU.ActiveCfg = Debug|Any CPU
		{C87D56C9-B4B8-462F-87FF-6AEB9A0EA4F5}.Debug|Any CPU.Build.0 = Debug|Any CPU
		{C87D56C9-B4B8-462F-87FF-6AEB9A0EA4F5}.Release|Any CPU.ActiveCfg = Release|Any CPU
		{C87D56C9-B4B8-462F-87FF-6AEB9A0EA4F5}.Release|Any CPU.Build.0 = Release|Any CPU
		{7665BE6A-6E26-4EB8-B67D-0997E593371B}.Debug|Any CPU.ActiveCfg = Debug|Any CPU
		{7665BE6A-6E26-4EB8-B67D-0997E593371B}.Debug|Any CPU.Build.0 = Debug|Any CPU
		{7665BE6A-6E26-4EB8-B67D-0997E593371B}.Release|Any CPU.ActiveCfg = Release|Any CPU
		{7665BE6A-6E26-4EB8-B67D-0997E593371B}.Release|Any CPU.Build.0 = Release|Any CPU
		{A747A407-2609-468E-BF1A-F5B0F2C5D916}.Debug|Any CPU.ActiveCfg = Debug|Any CPU
		{A747A407-2609-468E-BF1A-F5B0F2C5D916}.Debug|Any CPU.Build.0 = Debug|Any CPU
		{A747A407-2609-468E-BF1A-F5B0F2C5D916}.Release|Any CPU.ActiveCfg = Release|Any CPU
		{A747A407-2609-468E-BF1A-F5B0F2C5D916}.Release|Any CPU.Build.0 = Release|Any CPU
		{21C51E98-23F1-4A3F-94A4-40E1EE4E8632}.Debug|Any CPU.ActiveCfg = Debug|Any CPU
		{21C51E98-23F1-4A3F-94A4-40E1EE4E8632}.Debug|Any CPU.Build.0 = Debug|Any CPU
		{21C51E98-23F1-4A3F-94A4-40E1EE4E8632}.Release|Any CPU.ActiveCfg = Release|Any CPU
		{21C51E98-23F1-4A3F-94A4-40E1EE4E8632}.Release|Any CPU.Build.0 = Release|Any CPU
		{2087F392-6990-41F8-82FC-9EB20F8B4B76}.Debug|Any CPU.ActiveCfg = Debug|Any CPU
		{2087F392-6990-41F8-82FC-9EB20F8B4B76}.Debug|Any CPU.Build.0 = Debug|Any CPU
		{2087F392-6990-41F8-82FC-9EB20F8B4B76}.Release|Any CPU.ActiveCfg = Release|Any CPU
		{2087F392-6990-41F8-82FC-9EB20F8B4B76}.Release|Any CPU.Build.0 = Release|Any CPU
		{59E80C41-1A98-47A1-88CC-39DB627740B1}.Debug|Any CPU.ActiveCfg = Debug|Any CPU
		{59E80C41-1A98-47A1-88CC-39DB627740B1}.Debug|Any CPU.Build.0 = Debug|Any CPU
		{59E80C41-1A98-47A1-88CC-39DB627740B1}.Release|Any CPU.ActiveCfg = Release|Any CPU
		{59E80C41-1A98-47A1-88CC-39DB627740B1}.Release|Any CPU.Build.0 = Release|Any CPU
		{9084E162-5B6C-4C9F-9788-C0E96104A30A}.Debug|Any CPU.ActiveCfg = Debug|Any CPU
		{9084E162-5B6C-4C9F-9788-C0E96104A30A}.Debug|Any CPU.Build.0 = Debug|Any CPU
		{9084E162-5B6C-4C9F-9788-C0E96104A30A}.Release|Any CPU.ActiveCfg = Release|Any CPU
		{9084E162-5B6C-4C9F-9788-C0E96104A30A}.Release|Any CPU.Build.0 = Release|Any CPU
		{39C95E84-73A6-441F-BB0D-031FC6393135}.Debug|Any CPU.ActiveCfg = Debug|Any CPU
		{39C95E84-73A6-441F-BB0D-031FC6393135}.Debug|Any CPU.Build.0 = Debug|Any CPU
		{39C95E84-73A6-441F-BB0D-031FC6393135}.Release|Any CPU.ActiveCfg = Release|Any CPU
		{39C95E84-73A6-441F-BB0D-031FC6393135}.Release|Any CPU.Build.0 = Release|Any CPU
	EndGlobalSection
	GlobalSection(SolutionProperties) = preSolution
		HideSolutionNode = FALSE
	EndGlobalSection
	GlobalSection(ExtensibilityGlobals) = postSolution
		SolutionGuid = {08BC85BF-38D8-4D43-871C-E680E9CFFCC9}
	EndGlobalSection
EndGlobal
